
Microsoft Visual Studio Solution File, Format Version 10.00
# Visual Studio 2008
Project("{FAE04EC0-301F-11D3-BF4B-00C04F79EFBC}") = "Gibbed.Volition.FileFormats", "Gibbed.Volition.FileFormats\Gibbed.Volition.FileFormats.csproj", "{8E6E7B7E-61CF-4D1C-BBF8-9F4CB5358D24}"
EndProject
Project("{FAE04EC0-301F-11D3-BF4B-00C04F79EFBC}") = "Gibbed.Helpers", "Gibbed.Helpers\Gibbed.Helpers.csproj", "{5162A9FB-4DE1-4BBF-B7A2-5E8116AB0D26}"
EndProject
Project("{FAE04EC0-301F-11D3-BF4B-00C04F79EFBC}") = "Gibbed.Volition.Packager", "Gibbed.Volition.Packager\Gibbed.Volition.Packager.csproj", "{5ACE3C4D-6C87-4072-9DF7-4C7ADBA47362}"
EndProject
Global
	GlobalSection(SolutionConfigurationPlatforms) = preSolution
		Debug|Any CPU = Debug|Any CPU
		Release|Any CPU = Release|Any CPU
	EndGlobalSection
	GlobalSection(ProjectConfigurationPlatforms) = postSolution
		{8E6E7B7E-61CF-4D1C-BBF8-9F4CB5358D24}.Debug|Any CPU.ActiveCfg = Debug|Any CPU
		{8E6E7B7E-61CF-4D1C-BBF8-9F4CB5358D24}.Debug|Any CPU.Build.0 = Debug|Any CPU
		{8E6E7B7E-61CF-4D1C-BBF8-9F4CB5358D24}.Release|Any CPU.ActiveCfg = Release|Any CPU
		{8E6E7B7E-61CF-4D1C-BBF8-9F4CB5358D24}.Release|Any CPU.Build.0 = Release|Any CPU
		{5162A9FB-4DE1-4BBF-B7A2-5E8116AB0D26}.Debug|Any CPU.ActiveCfg = Debug|Any CPU
		{5162A9FB-4DE1-4BBF-B7A2-5E8116AB0D26}.Debug|Any CPU.Build.0 = Debug|Any CPU
		{5162A9FB-4DE1-4BBF-B7A2-5E8116AB0D26}.Release|Any CPU.ActiveCfg = Release|Any CPU
		{5162A9FB-4DE1-4BBF-B7A2-5E8116AB0D26}.Release|Any CPU.Build.0 = Release|Any CPU
		{5ACE3C4D-6C87-4072-9DF7-4C7ADBA47362}.Debug|Any CPU.ActiveCfg = Debug|Any CPU
		{5ACE3C4D-6C87-4072-9DF7-4C7ADBA47362}.Debug|Any CPU.Build.0 = Debug|Any CPU
		{5ACE3C4D-6C87-4072-9DF7-4C7ADBA47362}.Release|Any CPU.ActiveCfg = Release|Any CPU
		{5ACE3C4D-6C87-4072-9DF7-4C7ADBA47362}.Release|Any CPU.Build.0 = Release|Any CPU
	EndGlobalSection
	GlobalSection(SolutionProperties) = preSolution
		HideSolutionNode = FALSE
	EndGlobalSection
EndGlobal
