
Microsoft Visual Studio Solution File, Format Version 11.00
# Visual Studio 2010
Project("{FAE04EC0-301F-11D3-BF4B-00C04F79EFBC}") = "Gibbed.Volition.FileFormats", "Gibbed.Volition.FileFormats\Gibbed.Volition.FileFormats.csproj", "{8E6E7B7E-61CF-4D1C-BBF8-9F4CB5358D24}"
EndProject
Project("{FAE04EC0-301F-11D3-BF4B-00C04F79EFBC}") = "Gibbed.Volition.ConvertVintDoc", "Gibbed.Volition.ConvertVintDoc\Gibbed.Volition.ConvertVintDoc.csproj", "{73237414-4FED-481A-95C0-6F9F0B8B6764}"
EndProject
Project("{FAE04EC0-301F-11D3-BF4B-00C04F79EFBC}") = "Gibbed.Volition.ConvertAsm", "Gibbed.Volition.ConvertAsm\Gibbed.Volition.ConvertAsm.csproj", "{25266FAC-4DFF-4DFD-8BCA-B81A27D5E809}"
EndProject
Project("{FAE04EC0-301F-11D3-BF4B-00C04F79EFBC}") = "Gibbed.Volition.ConvertZone", "Gibbed.Volition.ConvertZone\Gibbed.Volition.ConvertZone.csproj", "{D10B7DF8-5BC8-4086-8CB8-D88428F53A59}"
EndProject
Project("{FAE04EC0-301F-11D3-BF4B-00C04F79EFBC}") = "Gibbed.Volition.Test", "Gibbed.Volition.Test\Gibbed.Volition.Test.csproj", "{BA0103B2-A1DE-49F5-B066-84693E857EBA}"
EndProject
Project("{FAE04EC0-301F-11D3-BF4B-00C04F79EFBC}") = "Gibbed.Volition.ConvertPeg", "Gibbed.Volition.ConvertPeg\Gibbed.Volition.ConvertPeg.csproj", "{98054545-BEA6-4CAB-B5FE-F970D99F15EF}"
EndProject
Project("{FAE04EC0-301F-11D3-BF4B-00C04F79EFBC}") = "Gibbed.IO", "Gibbed.IO\Gibbed.IO.csproj", "{047857BA-DAA3-4CA7-AFB8-A1B082B28C6A}"
EndProject
Project("{FAE04EC0-301F-11D3-BF4B-00C04F79EFBC}") = "Gibbed.Squish", "Gibbed.Squish\Gibbed.Squish.csproj", "{242D0738-AA4C-4C9C-A218-891A8F55559C}"
EndProject
Project("{FAE04EC0-301F-11D3-BF4B-00C04F79EFBC}") = "NDesk.Options", "NDesk.Options\NDesk.Options.csproj", "{C98A6CD6-9422-4B35-8B7A-F520D75534D1}"
EndProject
Project("{2150E333-8FDC-42A3-9474-1A3956D46DE8}") = "Misc", "Misc", "{09A2E18E-5476-4BA8-90D9-A6722A4449C5}"
EndProject
Project("{2150E333-8FDC-42A3-9474-1A3956D46DE8}") = "Tools", "Tools", "{6A105917-65EA-4AE8-8C21-051959E7D1A8}"
EndProject
Project("{FAE04EC0-301F-11D3-BF4B-00C04F79EFBC}") = "ComponentAce.Compression.Zlib", "ComponentAce.Compression.Zlib\ComponentAce.Compression.Zlib.csproj", "{8909BE63-2F9F-4BE6-846D-351A6315B7BE}"
EndProject
Project("{2150E333-8FDC-42A3-9474-1A3956D46DE8}") = "Games", "Games", "{4007CA3A-8F3D-4AF0-B624-32BB22F73063}"
EndProject
Project("{2150E333-8FDC-42A3-9474-1A3956D46DE8}") = "Generic", "Generic", "{EFF1FA26-C851-442B-ABD8-A41024472307}"
EndProject
Project("{FAE04EC0-301F-11D3-BF4B-00C04F79EFBC}") = "Gibbed.Volition.Pack", "Gibbed.Volition.Pack\Gibbed.Volition.Pack.csproj", "{43B8EFA8-3D07-426F-A3AC-E27907A9BA0C}"
EndProject
Project("{FAE04EC0-301F-11D3-BF4B-00C04F79EFBC}") = "Gibbed.SaintsRow3.UnpackVPP", "Gibbed.SaintsRow3.UnpackVPP\Gibbed.SaintsRow3.UnpackVPP.csproj", "{4ABD6FF0-D30B-42F2-A301-6FEBD1E633F9}"
EndProject
Project("{FAE04EC0-301F-11D3-BF4B-00C04F79EFBC}") = "Gibbed.SaintsRow3.UnpackSTR2", "Gibbed.SaintsRow3.UnpackSTR2\Gibbed.SaintsRow3.UnpackSTR2.csproj", "{3757D29B-04B4-48E5-8965-ABB71C7B9AD1}"
EndProject
Project("{FAE04EC0-301F-11D3-BF4B-00C04F79EFBC}") = "Gibbed.SaintsRow3.PackSTR2", "Gibbed.SaintsRow3.PackSTR2\Gibbed.SaintsRow3.PackSTR2.csproj", "{B23AE70B-8251-4FEF-BEAE-4CAEEF1110E9}"
EndProject
Project("{FAE04EC0-301F-11D3-BF4B-00C04F79EFBC}") = "Gibbed.SaintsRow3.PackVPP", "Gibbed.SaintsRow3.PackVPP\Gibbed.SaintsRow3.PackVPP.csproj", "{D9273D44-8FF8-4095-9276-194C4E565A2E}"
EndProject
Project("{2150E333-8FDC-42A3-9474-1A3956D46DE8}") = "Saints Row 3", "Saints Row 3", "{90BB77B6-9732-4DAA-8897-569067E24561}"
EndProject
Global
	GlobalSection(SolutionConfigurationPlatforms) = preSolution
		Debug|Any CPU = Debug|Any CPU
		Debug|Mixed Platforms = Debug|Mixed Platforms
		Debug|x86 = Debug|x86
		Release|Any CPU = Release|Any CPU
		Release|Mixed Platforms = Release|Mixed Platforms
		Release|x86 = Release|x86
	EndGlobalSection
	GlobalSection(ProjectConfigurationPlatforms) = postSolution
		{8E6E7B7E-61CF-4D1C-BBF8-9F4CB5358D24}.Debug|Any CPU.ActiveCfg = Debug|Any CPU
		{8E6E7B7E-61CF-4D1C-BBF8-9F4CB5358D24}.Debug|Any CPU.Build.0 = Debug|Any CPU
		{8E6E7B7E-61CF-4D1C-BBF8-9F4CB5358D24}.Debug|Mixed Platforms.ActiveCfg = Debug|Any CPU
		{8E6E7B7E-61CF-4D1C-BBF8-9F4CB5358D24}.Debug|Mixed Platforms.Build.0 = Debug|Any CPU
		{8E6E7B7E-61CF-4D1C-BBF8-9F4CB5358D24}.Debug|x86.ActiveCfg = Debug|Any CPU
		{8E6E7B7E-61CF-4D1C-BBF8-9F4CB5358D24}.Release|Any CPU.ActiveCfg = Release|Any CPU
		{8E6E7B7E-61CF-4D1C-BBF8-9F4CB5358D24}.Release|Any CPU.Build.0 = Release|Any CPU
		{8E6E7B7E-61CF-4D1C-BBF8-9F4CB5358D24}.Release|Mixed Platforms.ActiveCfg = Release|Any CPU
		{8E6E7B7E-61CF-4D1C-BBF8-9F4CB5358D24}.Release|Mixed Platforms.Build.0 = Release|Any CPU
		{8E6E7B7E-61CF-4D1C-BBF8-9F4CB5358D24}.Release|x86.ActiveCfg = Release|Any CPU
		{73237414-4FED-481A-95C0-6F9F0B8B6764}.Debug|Any CPU.ActiveCfg = Debug|Any CPU
		{73237414-4FED-481A-95C0-6F9F0B8B6764}.Debug|Any CPU.Build.0 = Debug|Any CPU
		{73237414-4FED-481A-95C0-6F9F0B8B6764}.Debug|Mixed Platforms.ActiveCfg = Debug|Any CPU
		{73237414-4FED-481A-95C0-6F9F0B8B6764}.Debug|Mixed Platforms.Build.0 = Debug|Any CPU
		{73237414-4FED-481A-95C0-6F9F0B8B6764}.Debug|x86.ActiveCfg = Debug|Any CPU
		{73237414-4FED-481A-95C0-6F9F0B8B6764}.Release|Any CPU.ActiveCfg = Release|Any CPU
		{73237414-4FED-481A-95C0-6F9F0B8B6764}.Release|Any CPU.Build.0 = Release|Any CPU
		{73237414-4FED-481A-95C0-6F9F0B8B6764}.Release|Mixed Platforms.ActiveCfg = Release|Any CPU
		{73237414-4FED-481A-95C0-6F9F0B8B6764}.Release|Mixed Platforms.Build.0 = Release|Any CPU
		{73237414-4FED-481A-95C0-6F9F0B8B6764}.Release|x86.ActiveCfg = Release|Any CPU
		{25266FAC-4DFF-4DFD-8BCA-B81A27D5E809}.Debug|Any CPU.ActiveCfg = Debug|Any CPU
		{25266FAC-4DFF-4DFD-8BCA-B81A27D5E809}.Debug|Any CPU.Build.0 = Debug|Any CPU
		{25266FAC-4DFF-4DFD-8BCA-B81A27D5E809}.Debug|Mixed Platforms.ActiveCfg = Debug|Any CPU
		{25266FAC-4DFF-4DFD-8BCA-B81A27D5E809}.Debug|Mixed Platforms.Build.0 = Debug|Any CPU
		{25266FAC-4DFF-4DFD-8BCA-B81A27D5E809}.Debug|x86.ActiveCfg = Debug|Any CPU
		{25266FAC-4DFF-4DFD-8BCA-B81A27D5E809}.Release|Any CPU.ActiveCfg = Release|Any CPU
		{25266FAC-4DFF-4DFD-8BCA-B81A27D5E809}.Release|Any CPU.Build.0 = Release|Any CPU
		{25266FAC-4DFF-4DFD-8BCA-B81A27D5E809}.Release|Mixed Platforms.ActiveCfg = Release|Any CPU
		{25266FAC-4DFF-4DFD-8BCA-B81A27D5E809}.Release|Mixed Platforms.Build.0 = Release|Any CPU
		{25266FAC-4DFF-4DFD-8BCA-B81A27D5E809}.Release|x86.ActiveCfg = Release|Any CPU
		{D10B7DF8-5BC8-4086-8CB8-D88428F53A59}.Debug|Any CPU.ActiveCfg = Debug|Any CPU
		{D10B7DF8-5BC8-4086-8CB8-D88428F53A59}.Debug|Any CPU.Build.0 = Debug|Any CPU
		{D10B7DF8-5BC8-4086-8CB8-D88428F53A59}.Debug|Mixed Platforms.ActiveCfg = Debug|Any CPU
		{D10B7DF8-5BC8-4086-8CB8-D88428F53A59}.Debug|Mixed Platforms.Build.0 = Debug|Any CPU
		{D10B7DF8-5BC8-4086-8CB8-D88428F53A59}.Debug|x86.ActiveCfg = Debug|Any CPU
		{D10B7DF8-5BC8-4086-8CB8-D88428F53A59}.Release|Any CPU.ActiveCfg = Release|Any CPU
		{D10B7DF8-5BC8-4086-8CB8-D88428F53A59}.Release|Any CPU.Build.0 = Release|Any CPU
		{D10B7DF8-5BC8-4086-8CB8-D88428F53A59}.Release|Mixed Platforms.ActiveCfg = Release|Any CPU
		{D10B7DF8-5BC8-4086-8CB8-D88428F53A59}.Release|Mixed Platforms.Build.0 = Release|Any CPU
		{D10B7DF8-5BC8-4086-8CB8-D88428F53A59}.Release|x86.ActiveCfg = Release|Any CPU
		{BA0103B2-A1DE-49F5-B066-84693E857EBA}.Debug|Any CPU.ActiveCfg = Debug|x86
		{BA0103B2-A1DE-49F5-B066-84693E857EBA}.Debug|Mixed Platforms.ActiveCfg = Debug|x86
		{BA0103B2-A1DE-49F5-B066-84693E857EBA}.Debug|Mixed Platforms.Build.0 = Debug|x86
		{BA0103B2-A1DE-49F5-B066-84693E857EBA}.Debug|x86.ActiveCfg = Debug|x86
		{BA0103B2-A1DE-49F5-B066-84693E857EBA}.Debug|x86.Build.0 = Debug|x86
		{BA0103B2-A1DE-49F5-B066-84693E857EBA}.Release|Any CPU.ActiveCfg = Release|x86
		{BA0103B2-A1DE-49F5-B066-84693E857EBA}.Release|Mixed Platforms.ActiveCfg = Release|x86
		{BA0103B2-A1DE-49F5-B066-84693E857EBA}.Release|Mixed Platforms.Build.0 = Release|x86
		{BA0103B2-A1DE-49F5-B066-84693E857EBA}.Release|x86.ActiveCfg = Release|x86
		{BA0103B2-A1DE-49F5-B066-84693E857EBA}.Release|x86.Build.0 = Release|x86
		{98054545-BEA6-4CAB-B5FE-F970D99F15EF}.Debug|Any CPU.ActiveCfg = Debug|x86
		{98054545-BEA6-4CAB-B5FE-F970D99F15EF}.Debug|Mixed Platforms.ActiveCfg = Debug|x86
		{98054545-BEA6-4CAB-B5FE-F970D99F15EF}.Debug|Mixed Platforms.Build.0 = Debug|x86
		{98054545-BEA6-4CAB-B5FE-F970D99F15EF}.Debug|x86.ActiveCfg = Debug|x86
		{98054545-BEA6-4CAB-B5FE-F970D99F15EF}.Debug|x86.Build.0 = Debug|x86
		{98054545-BEA6-4CAB-B5FE-F970D99F15EF}.Release|Any CPU.ActiveCfg = Release|x86
		{98054545-BEA6-4CAB-B5FE-F970D99F15EF}.Release|Mixed Platforms.ActiveCfg = Release|x86
		{98054545-BEA6-4CAB-B5FE-F970D99F15EF}.Release|Mixed Platforms.Build.0 = Release|x86
		{98054545-BEA6-4CAB-B5FE-F970D99F15EF}.Release|x86.ActiveCfg = Release|x86
		{98054545-BEA6-4CAB-B5FE-F970D99F15EF}.Release|x86.Build.0 = Release|x86
		{047857BA-DAA3-4CA7-AFB8-A1B082B28C6A}.Debug|Any CPU.ActiveCfg = Debug|Any CPU
		{047857BA-DAA3-4CA7-AFB8-A1B082B28C6A}.Debug|Any CPU.Build.0 = Debug|Any CPU
		{047857BA-DAA3-4CA7-AFB8-A1B082B28C6A}.Debug|Mixed Platforms.ActiveCfg = Debug|Any CPU
		{047857BA-DAA3-4CA7-AFB8-A1B082B28C6A}.Debug|Mixed Platforms.Build.0 = Debug|Any CPU
		{047857BA-DAA3-4CA7-AFB8-A1B082B28C6A}.Debug|x86.ActiveCfg = Debug|Any CPU
		{047857BA-DAA3-4CA7-AFB8-A1B082B28C6A}.Release|Any CPU.ActiveCfg = Release|Any CPU
		{047857BA-DAA3-4CA7-AFB8-A1B082B28C6A}.Release|Any CPU.Build.0 = Release|Any CPU
		{047857BA-DAA3-4CA7-AFB8-A1B082B28C6A}.Release|Mixed Platforms.ActiveCfg = Release|Any CPU
		{047857BA-DAA3-4CA7-AFB8-A1B082B28C6A}.Release|Mixed Platforms.Build.0 = Release|Any CPU
		{047857BA-DAA3-4CA7-AFB8-A1B082B28C6A}.Release|x86.ActiveCfg = Release|Any CPU
		{242D0738-AA4C-4C9C-A218-891A8F55559C}.Debug|Any CPU.ActiveCfg = Debug|Any CPU
		{242D0738-AA4C-4C9C-A218-891A8F55559C}.Debug|Any CPU.Build.0 = Debug|Any CPU
		{242D0738-AA4C-4C9C-A218-891A8F55559C}.Debug|Mixed Platforms.ActiveCfg = Debug|Any CPU
		{242D0738-AA4C-4C9C-A218-891A8F55559C}.Debug|Mixed Platforms.Build.0 = Debug|Any CPU
		{242D0738-AA4C-4C9C-A218-891A8F55559C}.Debug|x86.ActiveCfg = Debug|Any CPU
		{242D0738-AA4C-4C9C-A218-891A8F55559C}.Release|Any CPU.ActiveCfg = Release|Any CPU
		{242D0738-AA4C-4C9C-A218-891A8F55559C}.Release|Any CPU.Build.0 = Release|Any CPU
		{242D0738-AA4C-4C9C-A218-891A8F55559C}.Release|Mixed Platforms.ActiveCfg = Release|Any CPU
		{242D0738-AA4C-4C9C-A218-891A8F55559C}.Release|Mixed Platforms.Build.0 = Release|Any CPU
		{242D0738-AA4C-4C9C-A218-891A8F55559C}.Release|x86.ActiveCfg = Release|Any CPU
		{C98A6CD6-9422-4B35-8B7A-F520D75534D1}.Debug|Any CPU.ActiveCfg = Debug|Any CPU
		{C98A6CD6-9422-4B35-8B7A-F520D75534D1}.Debug|Any CPU.Build.0 = Debug|Any CPU
		{C98A6CD6-9422-4B35-8B7A-F520D75534D1}.Debug|Mixed Platforms.ActiveCfg = Debug|Any CPU
		{C98A6CD6-9422-4B35-8B7A-F520D75534D1}.Debug|Mixed Platforms.Build.0 = Debug|Any CPU
		{C98A6CD6-9422-4B35-8B7A-F520D75534D1}.Debug|x86.ActiveCfg = Debug|Any CPU
		{C98A6CD6-9422-4B35-8B7A-F520D75534D1}.Release|Any CPU.ActiveCfg = Release|Any CPU
		{C98A6CD6-9422-4B35-8B7A-F520D75534D1}.Release|Any CPU.Build.0 = Release|Any CPU
		{C98A6CD6-9422-4B35-8B7A-F520D75534D1}.Release|Mixed Platforms.ActiveCfg = Release|Any CPU
		{C98A6CD6-9422-4B35-8B7A-F520D75534D1}.Release|Mixed Platforms.Build.0 = Release|Any CPU
		{C98A6CD6-9422-4B35-8B7A-F520D75534D1}.Release|x86.ActiveCfg = Release|Any CPU
		{8909BE63-2F9F-4BE6-846D-351A6315B7BE}.Debug|Any CPU.ActiveCfg = Debug|Any CPU
		{8909BE63-2F9F-4BE6-846D-351A6315B7BE}.Debug|Any CPU.Build.0 = Debug|Any CPU
		{8909BE63-2F9F-4BE6-846D-351A6315B7BE}.Debug|Mixed Platforms.ActiveCfg = Debug|Any CPU
		{8909BE63-2F9F-4BE6-846D-351A6315B7BE}.Debug|Mixed Platforms.Build.0 = Debug|Any CPU
		{8909BE63-2F9F-4BE6-846D-351A6315B7BE}.Debug|x86.ActiveCfg = Debug|Any CPU
		{8909BE63-2F9F-4BE6-846D-351A6315B7BE}.Release|Any CPU.ActiveCfg = Release|Any CPU
		{8909BE63-2F9F-4BE6-846D-351A6315B7BE}.Release|Any CPU.Build.0 = Release|Any CPU
		{8909BE63-2F9F-4BE6-846D-351A6315B7BE}.Release|Mixed Platforms.ActiveCfg = Release|Any CPU
		{8909BE63-2F9F-4BE6-846D-351A6315B7BE}.Release|Mixed Platforms.Build.0 = Release|Any CPU
		{8909BE63-2F9F-4BE6-846D-351A6315B7BE}.Release|x86.ActiveCfg = Release|Any CPU
		{43B8EFA8-3D07-426F-A3AC-E27907A9BA0C}.Debug|Any CPU.ActiveCfg = Debug|Any CPU
		{43B8EFA8-3D07-426F-A3AC-E27907A9BA0C}.Debug|Any CPU.Build.0 = Debug|Any CPU
		{43B8EFA8-3D07-426F-A3AC-E27907A9BA0C}.Debug|Mixed Platforms.ActiveCfg = Debug|Any CPU
		{43B8EFA8-3D07-426F-A3AC-E27907A9BA0C}.Debug|Mixed Platforms.Build.0 = Debug|Any CPU
		{43B8EFA8-3D07-426F-A3AC-E27907A9BA0C}.Debug|x86.ActiveCfg = Debug|Any CPU
		{43B8EFA8-3D07-426F-A3AC-E27907A9BA0C}.Release|Any CPU.ActiveCfg = Release|Any CPU
		{43B8EFA8-3D07-426F-A3AC-E27907A9BA0C}.Release|Any CPU.Build.0 = Release|Any CPU
		{43B8EFA8-3D07-426F-A3AC-E27907A9BA0C}.Release|Mixed Platforms.ActiveCfg = Release|Any CPU
		{43B8EFA8-3D07-426F-A3AC-E27907A9BA0C}.Release|Mixed Platforms.Build.0 = Release|Any CPU
		{43B8EFA8-3D07-426F-A3AC-E27907A9BA0C}.Release|x86.ActiveCfg = Release|Any CPU
		{4ABD6FF0-D30B-42F2-A301-6FEBD1E633F9}.Debug|Any CPU.ActiveCfg = Debug|x86
		{4ABD6FF0-D30B-42F2-A301-6FEBD1E633F9}.Debug|Mixed Platforms.ActiveCfg = Debug|x86
		{4ABD6FF0-D30B-42F2-A301-6FEBD1E633F9}.Debug|Mixed Platforms.Build.0 = Debug|x86
		{4ABD6FF0-D30B-42F2-A301-6FEBD1E633F9}.Debug|x86.ActiveCfg = Debug|x86
		{4ABD6FF0-D30B-42F2-A301-6FEBD1E633F9}.Debug|x86.Build.0 = Debug|x86
		{4ABD6FF0-D30B-42F2-A301-6FEBD1E633F9}.Release|Any CPU.ActiveCfg = Release|x86
		{4ABD6FF0-D30B-42F2-A301-6FEBD1E633F9}.Release|Mixed Platforms.ActiveCfg = Release|x86
		{4ABD6FF0-D30B-42F2-A301-6FEBD1E633F9}.Release|Mixed Platforms.Build.0 = Release|x86
		{4ABD6FF0-D30B-42F2-A301-6FEBD1E633F9}.Release|x86.ActiveCfg = Release|x86
		{4ABD6FF0-D30B-42F2-A301-6FEBD1E633F9}.Release|x86.Build.0 = Release|x86
		{3757D29B-04B4-48E5-8965-ABB71C7B9AD1}.Debug|Any CPU.ActiveCfg = Debug|x86
		{3757D29B-04B4-48E5-8965-ABB71C7B9AD1}.Debug|Mixed Platforms.ActiveCfg = Debug|x86
		{3757D29B-04B4-48E5-8965-ABB71C7B9AD1}.Debug|Mixed Platforms.Build.0 = Debug|x86
		{3757D29B-04B4-48E5-8965-ABB71C7B9AD1}.Debug|x86.ActiveCfg = Debug|x86
		{3757D29B-04B4-48E5-8965-ABB71C7B9AD1}.Debug|x86.Build.0 = Debug|x86
		{3757D29B-04B4-48E5-8965-ABB71C7B9AD1}.Release|Any CPU.ActiveCfg = Release|x86
		{3757D29B-04B4-48E5-8965-ABB71C7B9AD1}.Release|Mixed Platforms.ActiveCfg = Release|x86
		{3757D29B-04B4-48E5-8965-ABB71C7B9AD1}.Release|Mixed Platforms.Build.0 = Release|x86
		{3757D29B-04B4-48E5-8965-ABB71C7B9AD1}.Release|x86.ActiveCfg = Release|x86
		{3757D29B-04B4-48E5-8965-ABB71C7B9AD1}.Release|x86.Build.0 = Release|x86
		{B23AE70B-8251-4FEF-BEAE-4CAEEF1110E9}.Debug|Any CPU.ActiveCfg = Debug|x86
		{B23AE70B-8251-4FEF-BEAE-4CAEEF1110E9}.Debug|Mixed Platforms.ActiveCfg = Debug|x86
		{B23AE70B-8251-4FEF-BEAE-4CAEEF1110E9}.Debug|Mixed Platforms.Build.0 = Debug|x86
		{B23AE70B-8251-4FEF-BEAE-4CAEEF1110E9}.Debug|x86.ActiveCfg = Debug|x86
		{B23AE70B-8251-4FEF-BEAE-4CAEEF1110E9}.Debug|x86.Build.0 = Debug|x86
		{B23AE70B-8251-4FEF-BEAE-4CAEEF1110E9}.Release|Any CPU.ActiveCfg = Release|x86
		{B23AE70B-8251-4FEF-BEAE-4CAEEF1110E9}.Release|Mixed Platforms.ActiveCfg = Release|x86
		{B23AE70B-8251-4FEF-BEAE-4CAEEF1110E9}.Release|Mixed Platforms.Build.0 = Release|x86
		{B23AE70B-8251-4FEF-BEAE-4CAEEF1110E9}.Release|x86.ActiveCfg = Release|x86
		{B23AE70B-8251-4FEF-BEAE-4CAEEF1110E9}.Release|x86.Build.0 = Release|x86
		{D9273D44-8FF8-4095-9276-194C4E565A2E}.Debug|Any CPU.ActiveCfg = Debug|x86
		{D9273D44-8FF8-4095-9276-194C4E565A2E}.Debug|Mixed Platforms.ActiveCfg = Debug|x86
		{D9273D44-8FF8-4095-9276-194C4E565A2E}.Debug|Mixed Platforms.Build.0 = Debug|x86
		{D9273D44-8FF8-4095-9276-194C4E565A2E}.Debug|x86.ActiveCfg = Debug|x86
		{D9273D44-8FF8-4095-9276-194C4E565A2E}.Debug|x86.Build.0 = Debug|x86
		{D9273D44-8FF8-4095-9276-194C4E565A2E}.Release|Any CPU.ActiveCfg = Release|x86
		{D9273D44-8FF8-4095-9276-194C4E565A2E}.Release|Mixed Platforms.ActiveCfg = Release|x86
		{D9273D44-8FF8-4095-9276-194C4E565A2E}.Release|Mixed Platforms.Build.0 = Release|x86
		{D9273D44-8FF8-4095-9276-194C4E565A2E}.Release|x86.ActiveCfg = Release|x86
		{D9273D44-8FF8-4095-9276-194C4E565A2E}.Release|x86.Build.0 = Release|x86
	EndGlobalSection
	GlobalSection(SolutionProperties) = preSolution
		HideSolutionNode = FALSE
	EndGlobalSection
	GlobalSection(NestedProjects) = preSolution
		{EFF1FA26-C851-442B-ABD8-A41024472307} = {6A105917-65EA-4AE8-8C21-051959E7D1A8}
		{4007CA3A-8F3D-4AF0-B624-32BB22F73063} = {6A105917-65EA-4AE8-8C21-051959E7D1A8}
		{D10B7DF8-5BC8-4086-8CB8-D88428F53A59} = {EFF1FA26-C851-442B-ABD8-A41024472307}
		{98054545-BEA6-4CAB-B5FE-F970D99F15EF} = {EFF1FA26-C851-442B-ABD8-A41024472307}
		{73237414-4FED-481A-95C0-6F9F0B8B6764} = {EFF1FA26-C851-442B-ABD8-A41024472307}
		{25266FAC-4DFF-4DFD-8BCA-B81A27D5E809} = {EFF1FA26-C851-442B-ABD8-A41024472307}
		{43B8EFA8-3D07-426F-A3AC-E27907A9BA0C} = {EFF1FA26-C851-442B-ABD8-A41024472307}
		{242D0738-AA4C-4C9C-A218-891A8F55559C} = {09A2E18E-5476-4BA8-90D9-A6722A4449C5}
		{C98A6CD6-9422-4B35-8B7A-F520D75534D1} = {09A2E18E-5476-4BA8-90D9-A6722A4449C5}
		{047857BA-DAA3-4CA7-AFB8-A1B082B28C6A} = {09A2E18E-5476-4BA8-90D9-A6722A4449C5}
		{8909BE63-2F9F-4BE6-846D-351A6315B7BE} = {09A2E18E-5476-4BA8-90D9-A6722A4449C5}
		{90BB77B6-9732-4DAA-8897-569067E24561} = {4007CA3A-8F3D-4AF0-B624-32BB22F73063}
		{B23AE70B-8251-4FEF-BEAE-4CAEEF1110E9} = {90BB77B6-9732-4DAA-8897-569067E24561}
		{4ABD6FF0-D30B-42F2-A301-6FEBD1E633F9} = {90BB77B6-9732-4DAA-8897-569067E24561}
		{D9273D44-8FF8-4095-9276-194C4E565A2E} = {90BB77B6-9732-4DAA-8897-569067E24561}
		{3757D29B-04B4-48E5-8965-ABB71C7B9AD1} = {90BB77B6-9732-4DAA-8897-569067E24561}
	EndGlobalSection
EndGlobal
